lockfileVersion: 5.3

specifiers:
  rimraf: ^3.0.2
  sass: ^1.34.0

devDependencies:
  rimraf: 3.0.2
  sass: 1.34.0

packages:

  /anymatch/3.1.2:
    resolution: {integrity: sha512-P43ePfOAIupkguHUycrc4qJ9kz8ZiuOUijaETwX7THt0Y/GNK7v0aa8rY816xWjZ7rJdA5XdMcpVFTKMq+RvWg==}
    engines: {node: '>= 8'}
    dependencies:
      normalize-path: 3.0.0
      picomatch: 2.3.0
    dev: true

  /balanced-match/1.0.2:
    resolution: {integrity: sha512-3oSeUO0TMV67hN1AmbXsK4yaqU7tjiHlbxRDZOpH0KW9+CeX4bRAaX0Anxt0tx2MrpRpWwQaPwIlISEJhYU5Pw==}
    dev: true

  /binary-extensions/2.2.0:
    resolution: {integrity: sha512-jDctJ/IVQbZoJykoeHbhXpOlNBqGNcwXJKJog42E5HDPUwQTSdjCHdihjj0DlnheQ7blbT6dHOafNAiS8ooQKA==}
    engines: {node: '>=8'}
    dev: true

  /brace-expansion/1.1.11:
    resolution: {integrity: sha512-iCuPHDFgrHX7H2vEI/5xpz07zSHB00TpugqhmYtVmMO6518mCuRMoOYFldEBl0g187ufozdaHgWKcYFb61qGiA==}
    dependencies:
      balanced-match: 1.0.2
      concat-map: 0.0.1
    dev: true

  /braces/3.0.2:
    resolution: {integrity: sha512-b8um+L1RzM3WDSzvhm6gIz1yfTbBt6YTlcEKAvsmqCZZFw46z626lVj9j1yEPW33H5H+lBQpZMP1k8l+78Ha0A==}
    engines: {node: '>=8'}
    dependencies:
      fill-range: 7.0.1
    dev: true

  /chokidar/3.5.1:
    resolution: {integrity: sha512-9+s+Od+W0VJJzawDma/gvBNQqkTiqYTWLuZoyAsivsI4AaWTCzHG06/TMjsf1cYe9Cb97UCEhjz7HvnPk2p/tw==}
    engines: {node: '>= 8.10.0'}
    dependencies:
      anymatch: 3.1.2
      braces: 3.0.2
      glob-parent: 5.1.2
      is-binary-path: 2.1.0
      is-glob: 4.0.1
      normalize-path: 3.0.0
      readdirp: 3.5.0
    optionalDependencies:
      fsevents: 2.3.2
    dev: true

  /concat-map/0.0.1:
    resolution: {integrity: sha1-2Klr13/Wjfd5OnMDajug1UBdR3s=}
    dev: true

  /fill-range/7.0.1:
    resolution: {integrity: sha512-qOo9F+dMUmC2Lcb4BbVvnKJxTPjCm+RRpe4gDuGrzkL7mEVl/djYSu2OdQ2Pa302N4oqkSg9ir6jaLWJ2USVpQ==}
    engines: {node: '>=8'}
    dependencies:
      to-regex-range: 5.0.1
    dev: true

  /fs.realpath/1.0.0:
    resolution: {integrity: sha1-FQStJSMVjKpA20onh8sBQRmU6k8=}
    dev: true

  /fsevents/2.3.2:
    resolution: {integrity: sha512-xiqMQR4xAeHTuB9uWm+fFRcIOgKBMiOBP+eXiyT7jsgVCq1bkVygt00oASowB7EdtpOHaaPgKt812P9ab+DDKA==}
    engines: {node: ^8.16.0 || ^10.6.0 || >=11.0.0}
    os: [darwin]
    dev: true
    optional: true

  /glob-parent/5.1.2:
    resolution: {integrity: sha512-AOIgSQCepiJYwP3ARnGx+5VnTu2HBYdzbGP45eLw1vr3zB3vZLeyed1sC9hnbcOc9/SrMyM5RPQrkGz4aS9Zow==}
    engines: {node: '>= 6'}
    dependencies:
      is-glob: 4.0.1
    dev: true

  /glob/7.1.7:
    resolution: {integrity: sha512-OvD9ENzPLbegENnYP5UUfJIirTg4+XwMWGaQfQTY0JenxNvvIKP3U3/tAQSPIu/lHxXYSZmpXlUHeqAIdKzBLQ==}
    dependencies:
      fs.realpath: 1.0.0
      inflight: 1.0.6
      inherits: 2.0.4
      minimatch: 3.0.4
      once: 1.4.0
      path-is-absolute: 1.0.1
    dev: true

  /inflight/1.0.6:
    resolution: {integrity: sha1-Sb1jMdfQLQwJvJEKEHW6gWW1bfk=}
    dependencies:
      once: 1.4.0
      wrappy: 1.0.2
    dev: true

  /inherits/2.0.4:
    resolution: {integrity: sha512-k/vGaX4/Yla3WzyMCvTQOXYeIHvqOKtnqBduzTHpzpQZzAskKMhZ2K+EnBiSM9zGSoIFeMpXKxa4dYeZIQqewQ==}
    dev: true

  /is-binary-path/2.1.0:
    resolution: {integrity: sha512-ZMERYes6pDydyuGidse7OsHxtbI7WVeUEozgR/g7rd0xUimYNlvZRE/K2MgZTjWy725IfelLeVcEM97mmtRGXw==}
    engines: {node: '>=8'}
    dependencies:
      binary-extensions: 2.2.0
    dev: true

  /is-extglob/2.1.1:
    resolution: {integrity: sha1-qIwCU1eR8C7TfHahueqXc8gz+MI=}
    engines: {node: '>=0.10.0'}
    dev: true

  /is-glob/4.0.1:
    resolution: {integrity: sha512-5G0tKtBTFImOqDnLB2hG6Bp2qcKEFduo4tZu9MT/H6NQv/ghhy30o55ufafxJ/LdH79LLs2Kfrn85TLKyA7BUg==}
    engines: {node: '>=0.10.0'}
    dependencies:
      is-extglob: 2.1.1
    dev: true

  /is-number/7.0.0:
    resolution: {integrity: sha512-41Cifkg6e8TylSpdtTpeLVMqvSBEVzTttHvERD741+pnZ8ANv0004MRL43QKPDlK9cGvNp6NZWZUBlbGXYxxng==}
    engines: {node: '>=0.12.0'}
    dev: true

  /minimatch/3.0.4:
    resolution: {integrity: sha512-yJHVQEhyqPLUTgt9B83PXu6W3rx4MvvHvSUvToogpwoGDOUQ+yDrR0HRot+yOCdCO7u4hX3pWft6kWBBcqh0UA==}
    dependencies:
      brace-expansion: 1.1.11
    dev: true

  /normalize-path/3.0.0:
    resolution: {integrity: sha512-6eZs5Ls3WtCisHWp9S2GUy8dqkpGi4BVSz3GaqiE6ezub0512ESztXUwUB6C6IKbQkY2Pnb/mD4WYojCRwcwLA==}
    engines: {node: '>=0.10.0'}
    dev: true

  /once/1.4.0:
    resolution: {integrity: sha1-WDsap3WWHUsROsF9nFC6753Xa9E=}
    dependencies:
      wrappy: 1.0.2
    dev: true

  /path-is-absolute/1.0.1:
    resolution: {integrity: sha1-F0uSaHNVNP+8es5r9TpanhtcX18=}
    engines: {node: '>=0.10.0'}
    dev: true

  /picomatch/2.3.0:
    resolution: {integrity: sha512-lY1Q/PiJGC2zOv/z391WOTD+Z02bCgsFfvxoXXf6h7kv9o+WmsmzYqrAwY63sNgOxE4xEdq0WyUnXfKeBrSvYw==}
    engines: {node: '>=8.6'}
    dev: true

  /readdirp/3.5.0:
    resolution: {integrity: sha512-cMhu7c/8rdhkHXWsY+osBhfSy0JikwpHK/5+imo+LpeasTF8ouErHrlYkwT0++njiyuDvc7OFY5T3ukvZ8qmFQ==}
    engines: {node: '>=8.10.0'}
    dependencies:
      picomatch: 2.3.0
    dev: true

  /rimraf/3.0.2:
    resolution: {integrity: sha512-JZkJMZkAGFFPP2YqXZXPbMlMBgsxzE8ILs4lMIX/2o0L9UBw9O/Y3o6wFw/i9YLapcUJWwqbi3kdxIPdC62TIA==}
    hasBin: true
    dependencies:
      glob: 7.1.7
    dev: true

  /sass/1.34.0:
    resolution: {integrity: sha512-rHEN0BscqjUYuomUEaqq3BMgsXqQfkcMVR7UhscsAVub0/spUrZGBMxQXFS2kfiDsPLZw5yuU9iJEFNC2x38Qw==}
    engines: {node: '>=8.9.0'}
    hasBin: true
    dependencies:
      chokidar: 3.5.1
    dev: true

  /to-regex-range/5.0.1:
    resolution: {integrity: sha512-65P7iz6X5yEr1cwcgvQxbbIw7Uk3gOy5dIdtZ4rDveLqhrdJP+Li/Hx6tyK0NEb+2GCyneCMJiGqrADCSNk8sQ==}
    engines: {node: '>=8.0'}
    dependencies:
      is-number: 7.0.0
    dev: true

  /wrappy/1.0.2:
    resolution: {integrity: sha1-tSQ9jz7BqjXxNkYFvA0QNuMKtp8=}
    dev: true
